
Microsoft Visual Studio Solution File, Format Version 12.00
# Visual Studio Version 17
VisualStudioVersion = 17.1.32228.430
MinimumVisualStudioVersion = 10.0.40219.1
Project("{FAE04EC0-301F-11D3-BF4B-00C04F79EFBC}") = "huyta", "huyta\huyta.csproj", "{C4D9343B-E580-4438-BBD9-08AB098CB93E}"
EndProject
Global
	GlobalSection(SolutionConfigurationPlatforms) = preSolution
		Debug|Any CPU = Debug|Any CPU
		Release|Any CPU = Release|Any CPU
	EndGlobalSection
	GlobalSection(ProjectConfigurationPlatforms) = postSolution
		{C4D9343B-E580-4438-BBD9-08AB098CB93E}.Debug|Any CPU.ActiveCfg = Debug|Any CPU
		{C4D9343B-E580-4438-BBD9-08AB098CB93E}.Debug|Any CPU.Build.0 = Debug|Any CPU
		{C4D9343B-E580-4438-BBD9-08AB098CB93E}.Release|Any CPU.ActiveCfg = Release|Any CPU
		{C4D9343B-E580-4438-BBD9-08AB098CB93E}.Release|Any CPU.Build.0 = Release|Any CPU
	EndGlobalSection
	GlobalSection(SolutionProperties) = preSolution
		HideSolutionNode = FALSE
	EndGlobalSection
	GlobalSection(ExtensibilityGlobals) = postSolution
		SolutionGuid = {0F481856-2690-4D8F-94E7-2CBAFF822126}
	EndGlobalSection
EndGlobal
